<?xml version="1.0" encoding="utf-8"?>
<Project ToolsVersion="4.0" xmlns="http://schemas.microsoft.com/developer/msbuild/2003">
  <ItemGroup>
    <Filter Include="Source Files">
      <UniqueIdentifier>{4FC737F1-C7A5-4376-A066-2A32D752A2FF}</UniqueIdentifier>
      <Extensions>cpp;c;cc;cxx;def;odl;idl;hpj;bat;asm;asmx</Extensions>
    </Filter>
    <Filter Include="Header Files">
      <UniqueIdentifier>{93995380-89BD-4b04-88EB-625FBE52EBFB}</UniqueIdentifier>
      <Extensions>h;hpp;hxx;hm;inl;inc;xsd</Extensions>
    </Filter>
    <Filter Include="Resource Files">
      <UniqueIdentifier>{67DA6AB6-F800-4c08-8B7A-83BB121AAD01}</UniqueIdentifier>
      <Extensions>rc;ico;cur;bmp;dlg;rc2;rct;bin;rgs;gif;jpg;jpeg;jpe;resx;tiff;tif;png;wav;mfcribbon-ms</Extensions>
    </Filter>
    <Filter Include="ASM">
      <UniqueIdentifier>{b9347f83-a3c3-40b6-83c8-cf8d4e924d00}</UniqueIdentifier>
    </Filter>
  </ItemGroup>
  <ItemGroup>
    <ClInclude Include="avisynth.h">
      <Filter>Header Files</Filter>
    </ClInclude>
    <ClInclude Include="commonfunctions.h">
      <Filter>Header Files</Filter>
    </ClInclude>
    <ClInclude Include="CopyCode.h">
      <Filter>Header Files</Filter>
    </ClInclude>
    <ClInclude Include="cpu.h">
      <Filter>Header Files</Filter>
    </ClInclude>
    <ClInclude Include="dct.h">
      <Filter>Header Files</Filter>
    </ClInclude>
    <ClInclude Include="dctfftw.h">
      <Filter>Header Files</Filter>
    </ClInclude>
    <ClInclude Include="dctint.h">
      <Filter>Header Files</Filter>
    </ClInclude>
    <ClInclude Include="fftwlite.h">
      <Filter>Header Files</Filter>
    </ClInclude>
    <ClInclude Include="GroupOfPlanes.h">
      <Filter>Header Files</Filter>
    </ClInclude>
    <ClInclude Include="info.h">
      <Filter>Header Files</Filter>
    </ClInclude>
    <ClInclude Include="Interpolation.h">
      <Filter>Header Files</Filter>
    </ClInclude>
    <ClInclude Include="MaskFun.h">
      <Filter>Header Files</Filter>
    </ClInclude>
    <ClInclude Include="MVAnalyse.h">
      <Filter>Header Files</Filter>
    </ClInclude>
    <ClInclude Include="MVBlockFps.h">
      <Filter>Header Files</Filter>
    </ClInclude>
    <ClInclude Include="MVCompensate.h">
      <Filter>Header Files</Filter>
    </ClInclude>
    <ClInclude Include="MVDegrain1.h">
      <Filter>Header Files</Filter>
    </ClInclude>
    <ClInclude Include="MVDegrain2.h">
      <Filter>Header Files</Filter>
    </ClInclude>
    <ClInclude Include="MVDegrain3.h">
      <Filter>Header Files</Filter>
    </ClInclude>
    <ClInclude Include="MVDepan.h">
      <Filter>Header Files</Filter>
    </ClInclude>
    <ClInclude Include="MVFinest.h">
      <Filter>Header Files</Filter>
    </ClInclude>
    <ClInclude Include="MVFlow.h">
      <Filter>Header Files</Filter>
    </ClInclude>
    <ClInclude Include="MVFlowBlur.h">
      <Filter>Header Files</Filter>
    </ClInclude>
    <ClInclude Include="MVFlowFps.h">
      <Filter>Header Files</Filter>
    </ClInclude>
    <ClInclude Include="MVFlowInter.h">
      <Filter>Header Files</Filter>
    </ClInclude>
    <ClInclude Include="MVInterface.h">
      <Filter>Header Files</Filter>
    </ClInclude>
    <ClInclude Include="MVMask.h">
      <Filter>Header Files</Filter>
    </ClInclude>
    <ClInclude Include="MVRecalculate.h">
      <Filter>Header Files</Filter>
    </ClInclude>
    <ClInclude Include="MVSCDetection.h">
      <Filter>Header Files</Filter>
    </ClInclude>
    <ClInclude Include="MVShow.h">
      <Filter>Header Files</Filter>
    </ClInclude>
    <ClInclude Include="MVSuper.h">
      <Filter>Header Files</Filter>
    </ClInclude>
    <ClInclude Include="overlap.h">
      <Filter>Header Files</Filter>
    </ClInclude>
    <ClInclude Include="Padding.h">
      <Filter>Header Files</Filter>
    </ClInclude>
    <ClInclude Include="PlaneOfBlocks.h">
      <Filter>Header Files</Filter>
    </ClInclude>
    <ClInclude Include="SADFunctions.h">
      <Filter>Header Files</Filter>
    </ClInclude>
    <ClInclude Include="SimpleResize.h">
      <Filter>Header Files</Filter>
    </ClInclude>
    <ClInclude Include="Variance.h">
      <Filter>Header Files</Filter>
    </ClInclude>
    <ClInclude Include="version.h">
      <Filter>Header Files</Filter>
    </ClInclude>
    <ClInclude Include="yuy2planes.h">
      <Filter>Header Files</Filter>
    </ClInclude>
  </ItemGroup>
  <ItemGroup>
    <ClCompile Include="CopyCode.cpp">
      <Filter>Source Files</Filter>
    </ClCompile>
    <ClCompile Include="cpu.cpp">
      <Filter>Source Files</Filter>
    </ClCompile>
    <ClCompile Include="dctfftw.cpp">
      <Filter>Source Files</Filter>
    </ClCompile>
    <ClCompile Include="dctint.cpp">
      <Filter>Source Files</Filter>
    </ClCompile>
    <ClCompile Include="FakeBlockData.cpp">
      <Filter>Source Files</Filter>
    </ClCompile>
    <ClCompile Include="FakeGroupOfPlanes.cpp">
      <Filter>Source Files</Filter>
    </ClCompile>
    <ClCompile Include="FakePlaneOfBlocks.cpp">
      <Filter>Source Files</Filter>
    </ClCompile>
    <ClCompile Include="GroupOfPlanes.cpp">
      <Filter>Source Files</Filter>
    </ClCompile>
    <ClCompile Include="Interface.cpp">
      <Filter>Source Files</Filter>
    </ClCompile>
    <ClCompile Include="Interpolation.cpp">
      <Filter>Source Files</Filter>
    </ClCompile>
    <ClCompile Include="MaskFun.cpp">
      <Filter>Source Files</Filter>
    </ClCompile>
    <ClCompile Include="MVAnalyse.cpp">
      <Filter>Source Files</Filter>
    </ClCompile>
    <ClCompile Include="MVBlockFps.cpp">
      <Filter>Source Files</Filter>
    </ClCompile>
    <ClCompile Include="MVClip.cpp">
      <Filter>Source Files</Filter>
    </ClCompile>
    <ClCompile Include="MVClipArray.cpp">
      <Filter>Source Files</Filter>
    </ClCompile>
    <ClCompile Include="MVCompensate.cpp">
      <Filter>Source Files</Filter>
    </ClCompile>
    <ClCompile Include="MVDegrain1.cpp">
      <Filter>Source Files</Filter>
    </ClCompile>
    <ClCompile Include="MVDegrain2.cpp">
      <Filter>Source Files</Filter>
    </ClCompile>
    <ClCompile Include="MVDegrain3.cpp">
      <Filter>Source Files</Filter>
    </ClCompile>
    <ClCompile Include="MVDepan.cpp">
      <Filter>Source Files</Filter>
    </ClCompile>
    <ClCompile Include="MVFilter.cpp">
      <Filter>Source Files</Filter>
    </ClCompile>
    <ClCompile Include="MVFinest.cpp">
      <Filter>Source Files</Filter>
    </ClCompile>
    <ClCompile Include="MVFlow.cpp">
      <Filter>Source Files</Filter>
    </ClCompile>
    <ClCompile Include="MVFlowBlur.cpp">
      <Filter>Source Files</Filter>
    </ClCompile>
    <ClCompile Include="MVFlowFps.cpp">
      <Filter>Source Files</Filter>
    </ClCompile>
    <ClCompile Include="MVFlowInter.cpp">
      <Filter>Source Files</Filter>
    </ClCompile>
    <ClCompile Include="MVFrame.cpp">
      <Filter>Source Files</Filter>
    </ClCompile>
    <ClCompile Include="MVMask.cpp">
      <Filter>Source Files</Filter>
    </ClCompile>
    <ClCompile Include="MVRecalculate.cpp">
      <Filter>Source Files</Filter>
    </ClCompile>
    <ClCompile Include="MVSCDetection.cpp">
      <Filter>Source Files</Filter>
    </ClCompile>
    <ClCompile Include="MVShow.cpp">
      <Filter>Source Files</Filter>
    </ClCompile>
    <ClCompile Include="MVSuper.cpp">
      <Filter>Source Files</Filter>
    </ClCompile>
    <ClCompile Include="overlap.cpp">
      <Filter>Source Files</Filter>
    </ClCompile>
    <ClCompile Include="Padding.cpp">
      <Filter>Source Files</Filter>
    </ClCompile>
    <ClCompile Include="PlaneOfBlocks.cpp">
      <Filter>Source Files</Filter>
    </ClCompile>
    <ClCompile Include="SADFunctions.cpp">
      <Filter>Source Files</Filter>
    </ClCompile>
    <ClCompile Include="SimpleResize.cpp">
      <Filter>Source Files</Filter>
    </ClCompile>
    <ClCompile Include="Variance.cpp">
      <Filter>Source Files</Filter>
    </ClCompile>
    <ClCompile Include="yuy2planes.cpp">
      <Filter>Source Files</Filter>
    </ClCompile>
  </ItemGroup>
  <ItemGroup>
    <ResourceCompile Include="mvtools.rc">
      <Filter>Resource Files</Filter>
    </ResourceCompile>
  </ItemGroup>
  <ItemGroup>
    <YASM Include="Bilinear.asm">
      <Filter>ASM</Filter>
    </YASM>
    <YASM Include="CopyCode_mmx.asm">
      <Filter>ASM</Filter>
    </YASM>
    <YASM Include="cpu-32.asm">
      <Filter>ASM</Filter>
    </YASM>
    <YASM Include="fdct_mmx.asm">
      <Filter>ASM</Filter>
    </YASM>
    <YASM Include="Overlap_mmx.asm">
      <Filter>ASM</Filter>
    </YASM>
    <YASM Include="pixel-32.asm">
      <Filter>ASM</Filter>
    </YASM>
    <YASM Include="pixel-a.asm">
      <Filter>ASM</Filter>
    </YASM>
    <YASM Include="sad-a.asm">
      <Filter>ASM</Filter>
    </YASM>
    <YASM Include="SAD_iSSE.asm">
      <Filter>ASM</Filter>
    </YASM>
    <YASM Include="Variance_iSSE.asm">
      <Filter>ASM</Filter>
    </YASM>
    <YASM Include="x86inc-32.asm">
      <Filter>ASM</Filter>
    </YASM>
    <YASM Include="x86inc.asm">
      <Filter>ASM</Filter>
    </YASM>
    <YASM Include="x86util.asm">
      <Filter>ASM</Filter>
    </YASM>
  </ItemGroup>
</Project>