<?xml version="1.0" encoding="utf-8"?>
<Project ToolsVersion="4.0" xmlns="http://schemas.microsoft.com/developer/msbuild/2003">
  <ItemGroup>
    <Filter Include="Source Files">
      <UniqueIdentifier>{eebd8c66-5dbc-4a9a-bf57-f42508e41d52}</UniqueIdentifier>
      <Extensions>cpp;c;cxx;rc;def;r;odl;idl;hpj;bat</Extensions>
    </Filter>
    <Filter Include="Header Files">
      <UniqueIdentifier>{a2c684b4-3ae5-432f-a1e4-ad2a3e444f45}</UniqueIdentifier>
      <Extensions>h;hpp;hxx;hm;inl</Extensions>
    </Filter>
    <Filter Include="Resource Files">
      <UniqueIdentifier>{65d37e3e-a5d4-49f5-a63e-cd4093b6c9b8}</UniqueIdentifier>
      <Extensions>ico;cur;bmp;dlg;rc2;rct;bin;rgs;gif;jpg;jpeg;jpe</Extensions>
    </Filter>
  </ItemGroup>
  <ItemGroup>
    <ClCompile Include="asmfuncsYUY2.cpp">
      <Filter>Source Files</Filter>
    </ClCompile>
    <ClCompile Include="asmfuncsYV12.cpp">
      <Filter>Source Files</Filter>
    </ClCompile>
    <ClCompile Include="AVISynthPluginInit.cpp">
      <Filter>Source Files</Filter>
    </ClCompile>
    <ClCompile Include="Decimate.cpp">
      <Filter>Source Files</Filter>
    </ClCompile>
    <ClCompile Include="DecimateYUY2.cpp">
      <Filter>Source Files</Filter>
    </ClCompile>
    <ClCompile Include="FieldDeinterlace.cpp">
      <Filter>Source Files</Filter>
    </ClCompile>
    <ClCompile Include="FieldDeinterlaceYUY2.cpp">
      <Filter>Source Files</Filter>
    </ClCompile>
    <ClCompile Include="Telecide.cpp">
      <Filter>Source Files</Filter>
    </ClCompile>
    <ClCompile Include="Utilities.cpp">
      <Filter>Source Files</Filter>
    </ClCompile>
  </ItemGroup>
  <ItemGroup>
    <ClInclude Include="asmfuncsYV12.h">
      <Filter>Header Files</Filter>
    </ClInclude>
    <ClInclude Include="avisynth.h">
      <Filter>Header Files</Filter>
    </ClInclude>
    <ClInclude Include="Decimate.h">
      <Filter>Header Files</Filter>
    </ClInclude>
    <ClInclude Include="FieldDeinterlace.h">
      <Filter>Header Files</Filter>
    </ClInclude>
    <ClInclude Include="info.h">
      <Filter>Header Files</Filter>
    </ClInclude>
    <ClInclude Include="internal.h">
      <Filter>Header Files</Filter>
    </ClInclude>
    <ClInclude Include="strYUY2.h">
      <Filter>Header Files</Filter>
    </ClInclude>
    <ClInclude Include="Telecide.h">
      <Filter>Header Files</Filter>
    </ClInclude>
    <ClInclude Include="Utilities.h">
      <Filter>Header Files</Filter>
    </ClInclude>
    <ClInclude Include="version.h">
      <Filter>Header Files</Filter>
    </ClInclude>
  </ItemGroup>
</Project>